
Microsoft Visual Studio Solution File, Format Version 12.00
# Visual Studio Version 17
VisualStudioVersion = 17.3.32811.315
MinimumVisualStudioVersion = 10.0.40219.1
Project("{9A19103F-16F7-4668-BE54-9A1E7A4F7556}") = "Sample", "Sample\Sample.csproj", "{61B7D9B9-02B9-45C3-8EBD-80A9F7BCD38B}"
EndProject
Project("{9A19103F-16F7-4668-BE54-9A1E7A4F7556}") = "LinkedList", "LinkedList\LinkedList.csproj", "{891AE447-2F35-49D6-A77D-530E0395D531}"
EndProject
Project("{9A19103F-16F7-4668-BE54-9A1E7A4F7556}") = "BuiltInLinkedList", "BuiltInLinkedList\BuiltInLinkedList.csproj", "{47E2E986-7679-44A7-82B7-708B1C9FC1B5}"
EndProject
Project("{9A19103F-16F7-4668-BE54-9A1E7A4F7556}") = "SecondLargest", "SecondLargest\SecondLargest.csproj", "{E1ED271B-DF08-4416-B6FA-9AFB6A859018}"
EndProject
Project("{9A19103F-16F7-4668-BE54-9A1E7A4F7556}") = "BST", "BST\BST.csproj", "{A95D0458-5C41-4052-A776-42A544B05091}"
EndProject
Project("{9A19103F-16F7-4668-BE54-9A1E7A4F7556}") = "FactoryDesignPattern", "FactoryDesignPattern\FactoryDesignPattern.csproj", "{9E1E77A7-A8F6-4219-BA67-5DA036BE3BDB}"
EndProject
Project("{9A19103F-16F7-4668-BE54-9A1E7A4F7556}") = "StackDataStructure", "StackDataStructure\StackDataStructure.csproj", "{FB979E2A-18A6-4516-999A-9517B19CEAB1}"
EndProject
Project("{9A19103F-16F7-4668-BE54-9A1E7A4F7556}") = "LargestAdjacentSum", "LargestAdjacentSum\LargestAdjacentSum.csproj", "{72BB551D-DA35-4C77-B42A-E6EC7F71FB65}"
EndProject
Project("{9A19103F-16F7-4668-BE54-9A1E7A4F7556}") = "StringReverse", "StringReverse\StringReverse.csproj", "{E02D2A94-A7BF-4294-828E-333B51530109}"
EndProject
Project("{9A19103F-16F7-4668-BE54-9A1E7A4F7556}") = "SubArraySort", "SubArraySort\SubArraySort.csproj", "{B7118A96-817C-4FBB-91E2-3376A46ED0F5}"
EndProject
Project("{9A19103F-16F7-4668-BE54-9A1E7A4F7556}") = "LargestRange", "LargestRange\LargestRange.csproj", "{5B64A0C0-FCBA-49C8-9C2C-A6F97517FE3C}"
EndProject
Project("{9A19103F-16F7-4668-BE54-9A1E7A4F7556}") = "GenerateDocument", "GenerateDocument\GenerateDocument.csproj", "{4EDFC5B0-0C44-48A6-9B6A-3D55362F70E8}"
EndProject
Project("{9A19103F-16F7-4668-BE54-9A1E7A4F7556}") = "threeLargestNum", "threeLargestNum\threeLargestNum.csproj", "{E97AB4D3-EAC5-43C1-8AF6-18D98614C0B5}"
EndProject
Project("{9A19103F-16F7-4668-BE54-9A1E7A4F7556}") = "SecondLargerst", "SecondLargerst\SecondLargerst.csproj", "{6FF26C88-BA8D-4C67-80CC-8D60E64FB7FE}"
EndProject
Project("{9A19103F-16F7-4668-BE54-9A1E7A4F7556}") = "SelectionSort", "SelectionSort\SelectionSort.csproj", "{1EE97FFE-0010-4CD0-A5A5-8C603EE13EAE}"
EndProject
Project("{9A19103F-16F7-4668-BE54-9A1E7A4F7556}") = "InsertionSort", "InsertionSort\InsertionSort.csproj", "{AE9AF8BD-517D-47AA-B37A-67F45114E1F6}"
EndProject
Project("{9A19103F-16F7-4668-BE54-9A1E7A4F7556}") = "InvertBinaryTree", "InvertBinaryTree\InvertBinaryTree.csproj", "{F90B947F-36DA-47ED-839E-E2D7192A6536}"
EndProject
Project("{9A19103F-16F7-4668-BE54-9A1E7A4F7556}") = "SpiralTraverse", "SpiralTraverse\SpiralTraverse.csproj", "{D4B45764-8BB2-4D90-9934-4E76EDABB960}"
EndProject
Project("{9A19103F-16F7-4668-BE54-9A1E7A4F7556}") = "MinHeightBST", "MinHeightBST\MinHeightBST.csproj", "{6C4953BB-4502-4613-951B-78687FFF44BA}"
EndProject
Project("{9A19103F-16F7-4668-BE54-9A1E7A4F7556}") = "BinarySearch", "BinarySearch\BinarySearch.csproj", "{9F0B505D-97A3-4607-8150-C9BD29D8486A}"
EndProject
Project("{9A19103F-16F7-4668-BE54-9A1E7A4F7556}") = "Insertion", "Insertion\Insertion.csproj", "{54982CE8-03F7-4AF9-AEA3-BEDB0404BEA5}"
EndProject
Project("{9A19103F-16F7-4668-BE54-9A1E7A4F7556}") = "Selection", "Selection\Selection.csproj", "{5235D5D5-1414-4C7F-9F5F-275E6EFF571B}"
EndProject
Project("{2150E333-8FDC-42A3-9474-1A3956D46DE8}") = "Data", "Data", "{E2F4087E-EF13-4E86-9632-322E3DB060C8}"
EndProject
Project("{9A19103F-16F7-4668-BE54-9A1E7A4F7556}") = "SynchronousProgramming", "SynchronousProgramming\SynchronousProgramming.csproj", "{FAB30BF9-5AC6-429E-A4BB-BE924C8E9C4B}"
EndProject
Project("{9A19103F-16F7-4668-BE54-9A1E7A4F7556}") = "AbstructClass", "AbstructClass\AbstructClass.csproj", "{63AE8807-1C14-4447-B25C-1CB49B5DD114}"
EndProject
Project("{9A19103F-16F7-4668-BE54-9A1E7A4F7556}") = "ReconstructBST", "ReconstructBST\ReconstructBST.csproj", "{DAB524FA-77CD-4A71-8784-DC0829624578}"
EndProject
Project("{9A19103F-16F7-4668-BE54-9A1E7A4F7556}") = "RepositoryDesignPattern", "RepositoryDesignPattern\RepositoryDesignPattern.csproj", "{CF4D4764-51BC-4064-9ADB-60DCC8FBC947}"
EndProject
Project("{9A19103F-16F7-4668-BE54-9A1E7A4F7556}") = "BreadthFirstSearch", "BreadthFirstSearch\BreadthFirstSearch.csproj", "{C26F70B5-E3B2-4231-8CED-5B033C635858}"
EndProject
Project("{9A19103F-16F7-4668-BE54-9A1E7A4F7556}") = "StairCaseTraversal", "StairCaseTraversal\StairCaseTraversal.csproj", "{45405CE5-94EB-4291-B543-FABBA76AD663}"
EndProject
Project("{9A19103F-16F7-4668-BE54-9A1E7A4F7556}") = "TwoSum", "TwoSum\TwoSum.csproj", "{D0DA71D6-4038-41FC-A34E-62037187ADFF}"
EndProject
Project("{9A19103F-16F7-4668-BE54-9A1E7A4F7556}") = "MonotonicArray", "MonotonicArray\MonotonicArray.csproj", "{0DAE86FA-0011-42D5-AC99-6751BC8A1818}"
EndProject
Project("{9A19103F-16F7-4668-BE54-9A1E7A4F7556}") = "SmallestDifference", "SmallestDifference\SmallestDifference.csproj", "{022E8BFE-4AA1-47B7-90EB-BDAC72633B23}"
EndProject
Project("{9A19103F-16F7-4668-BE54-9A1E7A4F7556}") = "MoveElementToEnd", "MoveElementToEnd\MoveElementToEnd.csproj", "{AA434935-B63A-403E-BA48-35ACB08B6DC9}"
EndProject
Project("{9A19103F-16F7-4668-BE54-9A1E7A4F7556}") = "Mini-MaxSum", "Mini-MaxSum\Mini-MaxSum.csproj", "{F9EC92D7-BAE3-4890-AF3C-A0BC09778C87}"
EndProject
Project("{9A19103F-16F7-4668-BE54-9A1E7A4F7556}") = "BirthdayCakeCandles", "BirthdayCakeCandles\BirthdayCakeCandles.csproj", "{47687AA7-66DB-40F1-B4BB-6B21190E1B6C}"
EndProject
Project("{9A19103F-16F7-4668-BE54-9A1E7A4F7556}") = "StatuesFind", "StatuesFind\StatuesFind.csproj", "{0482A60C-E188-4831-AE4C-EECCDC5AF3B1}"
EndProject
Project("{9A19103F-16F7-4668-BE54-9A1E7A4F7556}") = "ReverseGroupArray", "ReverseGroupArray\ReverseGroupArray.csproj", "{56F40146-0BE8-4E6D-AD0E-178D0AC1F506}"
EndProject
Project("{9A19103F-16F7-4668-BE54-9A1E7A4F7556}") = "the digits that occur the most number of times in the array", "the digits that occur the most number of times in the array\the digits that occur the most number of times in the array.csproj", "{3A3F42F1-2DD3-4483-A972-E482847568A9}"
EndProject
Project("{9A19103F-16F7-4668-BE54-9A1E7A4F7556}") = "NumberPalindromeCheck", "NumberPalindromeCheck\NumberPalindromeCheck.csproj", "{47ED9919-582C-40CC-B37A-13D96DB30A02}"
EndProject
Project("{9A19103F-16F7-4668-BE54-9A1E7A4F7556}") = "Sliding Window Maximum", "Sliding Window Maximum\Sliding Window Maximum.csproj", "{D2566262-7A6A-41D3-BA68-96C7E8FF4F8C}"
EndProject
Project("{9A19103F-16F7-4668-BE54-9A1E7A4F7556}") = "Subarray with given sum", "Subarray with given sum\Subarray with given sum.csproj", "{C6777D7D-9C9B-4441-BED1-4607EED5A0CF}"
EndProject
Project("{9A19103F-16F7-4668-BE54-9A1E7A4F7556}") = "Zero Shift Right Side Array", "Zero Shift Right Side Array\Zero Shift Right Side Array.csproj", "{14074ECA-30B6-4473-BAF5-274FC5F8EA57}"
EndProject
Project("{9A19103F-16F7-4668-BE54-9A1E7A4F7556}") = "Interface", "Interface\Interface.csproj", "{B45C948D-2C35-45D4-AD71-DF68CC8550D1}"
EndProject
Project("{9A19103F-16F7-4668-BE54-9A1E7A4F7556}") = "YieldReturn", "YieldReturn\YieldReturn.csproj", "{264D335A-A886-4F65-B6B3-FEC104EA590B}"
EndProject
Project("{9A19103F-16F7-4668-BE54-9A1E7A4F7556}") = "BSTConstruction", "BSTConstruction\BSTConstruction.csproj", "{5DF5F12E-CE59-468A-AB3A-FD6BB9456D79}"
EndProject
Project("{9A19103F-16F7-4668-BE54-9A1E7A4F7556}") = "DesignComment", "DesignComment\DesignComment.csproj", "{277C19DE-2838-495E-B1F6-23FE43CCDC1C}"
EndProject
Project("{9A19103F-16F7-4668-BE54-9A1E7A4F7556}") = "LongestWord", "LongestWord\LongestWord.csproj", "{1A1D3EB8-31D1-40A4-9C86-83A674942115}"
EndProject
Project("{9A19103F-16F7-4668-BE54-9A1E7A4F7556}") = "BubbleSortNumberOfShift", "BubbleSortNumberOfShift\BubbleSortNumberOfShift.csproj", "{9BDCB150-E177-4275-B172-C7AC04E4228B}"
EndProject
Project("{9A19103F-16F7-4668-BE54-9A1E7A4F7556}") = "CommonCharacter", "CommonCharacter\CommonCharacter.csproj", "{00E3AC99-B600-4A41-8D2C-A5C9125DA1F7}"
EndProject
Project("{9A19103F-16F7-4668-BE54-9A1E7A4F7556}") = "MajorityElementArray", "MajorityElementArray\MajorityElementArray.csproj", "{0105D081-9B9B-474B-99C5-B32A580074FF}"
EndProject
Project("{9A19103F-16F7-4668-BE54-9A1E7A4F7556}") = "FindMinMaxArray", "FindMinMaxArray\FindMinMaxArray.csproj", "{E827EECA-3965-4A60-AA9E-7D5D5E28ECB4}"
EndProject
Project("{9A19103F-16F7-4668-BE54-9A1E7A4F7556}") = "ArrayReverse", "ArrayReverse\ArrayReverse.csproj", "{705DC7F7-0F71-4312-ACC4-5C77E011468B}"
EndProject
Project("{9A19103F-16F7-4668-BE54-9A1E7A4F7556}") = "ZeroShiftToRight", "ZeroShiftToRight\ZeroShiftToRight.csproj", "{9CAD0578-CF2A-4A44-882D-7FE9649536FF}"
EndProject
Project("{9A19103F-16F7-4668-BE54-9A1E7A4F7556}") = "reverseanarray", "reverseanarray\reverseanarray.csproj", "{B1FF1F0A-6FC8-4511-8665-A5399AE97319}"
EndProject
Project("{9A19103F-16F7-4668-BE54-9A1E7A4F7556}") = "RotationsInArray", "RotationsInArray\RotationsInArray.csproj", "{3960F104-9D66-4133-9152-B43653573DF5}"
EndProject
Project("{9A19103F-16F7-4668-BE54-9A1E7A4F7556}") = "Contains Duplicate", "Contains Duplicate\Contains Duplicate.csproj", "{F889E7D6-8EB2-4808-8D29-D1DCE4C85274}"
EndProject
Project("{9A19103F-16F7-4668-BE54-9A1E7A4F7556}") = "Valid Parentheses", "Valid Parentheses\Valid Parentheses.csproj", "{85B8B096-7144-4D77-9061-272185649311}"
EndProject
Project("{9A19103F-16F7-4668-BE54-9A1E7A4F7556}") = "Find the element that appears once in an array", "Find the element that appears once in an array\Find the element that appears once in an array.csproj", "{57476EB1-4781-41D5-854F-F473D5EA351E}"
EndProject
Project("{9A19103F-16F7-4668-BE54-9A1E7A4F7556}") = "Find subarray with given sum using DP", "Find subarray with given sum using DP\Find subarray with given sum using DP.csproj", "{62E039A9-52A0-4F8C-A151-AC41DD3A6612}"
EndProject
Project("{9A19103F-16F7-4668-BE54-9A1E7A4F7556}") = "Reorder an array according to given indexes", "Reorder an array according to given indexes\Reorder an array according to given indexes.csproj", "{74B7A781-4AFA-4488-A64F-5D73E93BC5ED}"
EndProject
Project("{9A19103F-16F7-4668-BE54-9A1E7A4F7556}") = "How to Reverse a Stack using Recursion", "How to Reverse a Stack using Recursion\How to Reverse a Stack using Recursion.csproj", "{AC4B233E-D15B-4529-A1DC-3D3CED7EB216}"
EndProject
Project("{9A19103F-16F7-4668-BE54-9A1E7A4F7556}") = "Reverse individual words", "Reverse individual words\Reverse individual words.csproj", "{04A60C30-3E41-42EE-8785-163F3F296DBC}"
EndProject
Project("{9A19103F-16F7-4668-BE54-9A1E7A4F7556}") = "BestDigit", "BestDigit\BestDigit.csproj", "{92F86887-F1F7-4A51-A3F8-C4CFB9434B97}"
EndProject
Project("{9A19103F-16F7-4668-BE54-9A1E7A4F7556}") = "Two Pointers", "Two Pointers\Two Pointers.csproj", "{1DDD271E-0A36-48DB-9495-02CD714C4DEE}"
EndProject
Project("{9A19103F-16F7-4668-BE54-9A1E7A4F7556}") = "Find a triplet that sum to a given value", "Find a triplet that sum to a given value\Find a triplet that sum to a given value.csproj", "{2166BA0B-47C3-4707-9A16-765FD0C9C9EE}"
EndProject
Project("{9A19103F-16F7-4668-BE54-9A1E7A4F7556}") = "Equilibrium index of an array", "Equilibrium index of an array\Equilibrium index of an array.csproj", "{75F3FB0C-D549-441A-9BA9-B23DEFF0DC70}"
EndProject
Project("{9A19103F-16F7-4668-BE54-9A1E7A4F7556}") = "MO’s Algorithm", "MO’s Algorithm\MO’s Algorithm.csproj", "{203F0364-CF82-4163-9125-F2255351E090}"
EndProject
Project("{9A19103F-16F7-4668-BE54-9A1E7A4F7556}") = "TwoSumProblem", "TwoSumProblem\TwoSumProblem.csproj", "{0AE9DC20-2E77-4A8F-9C30-C5288BE83365}"
EndProject
Project("{9A19103F-16F7-4668-BE54-9A1E7A4F7556}") = "MoveAllZero", "MoveAllZero\MoveAllZero.csproj", "{FA2F8F7B-55AF-4C2E-8AF7-834846AA1306}"
EndProject
Project("{9A19103F-16F7-4668-BE54-9A1E7A4F7556}") = "Abstract Factory Design Pattern", "Abstract Factory Design Pattern\Abstract Factory Design Pattern.csproj", "{7E2D9D6E-76CF-4BAE-A0BA-CA729219E9C1}"
EndProject
Project("{9A19103F-16F7-4668-BE54-9A1E7A4F7556}") = "Static class", "Static class\Static class.csproj", "{354F3A38-35FC-4F3B-97D2-3562250F1109}"
EndProject
Project("{9A19103F-16F7-4668-BE54-9A1E7A4F7556}") = "NthFibonacci", "NthFibonacci\NthFibonacci.csproj", "{D82CD6C3-B638-4906-87D3-424A6BBDCF2B}"
EndProject
Project("{9A19103F-16F7-4668-BE54-9A1E7A4F7556}") = "Factory Method Design Pattern", "Factory Method Design Pattern\Factory Method Design Pattern.csproj", "{1D53078E-9E11-4540-82EE-7F24BF2A344F}"
EndProject
Project("{9A19103F-16F7-4668-BE54-9A1E7A4F7556}") = "PowerSet", "PowerSet\PowerSet.csproj", "{903348C9-AA11-4ABD-A242-C46766172EB7}"
EndProject
Project("{9A19103F-16F7-4668-BE54-9A1E7A4F7556}") = "Missing Number", "Missing Number\Missing Number.csproj", "{C860912A-F029-4787-98AD-5CA6BC003FCD}"
EndProject
Project("{9A19103F-16F7-4668-BE54-9A1E7A4F7556}") = "Max Frequency Count From  a Numeber", "Max Frequency Count From  a Numeber\Max Frequency Count From  a Numeber.csproj", "{3A08C8D2-1538-4A78-A258-6447AFEFBBB7}"
EndProject
Project("{9A19103F-16F7-4668-BE54-9A1E7A4F7556}") = "Interger to roman", "Interger to roman\Interger to roman.csproj", "{5AB0A36B-8F51-4419-AC21-8CD2B8A9F671}"
EndProject
Project("{9A19103F-16F7-4668-BE54-9A1E7A4F7556}") = "Reverse Words in a String", "Reverse Words in a String\Reverse Words in a String.csproj", "{F502D071-4DDA-4BC4-8E86-CB701701BF26}"
EndProject
Project("{9A19103F-16F7-4668-BE54-9A1E7A4F7556}") = "Asynchronous Programming", "Asynchronous Programming\Asynchronous Programming.csproj", "{C5C2467F-F8EA-44B1-84E5-957595ADDC89}"
EndProject
Project("{9A19103F-16F7-4668-BE54-9A1E7A4F7556}") = "Open Close Principles", "Open Close Principles\Open Close Principles.csproj", "{B4AEFF6A-5363-479A-9C6A-BB0C293A83B8}"
EndProject
Project("{9A19103F-16F7-4668-BE54-9A1E7A4F7556}") = "Interface segregation", "Interface segregation\Interface segregation.csproj", "{098169B5-8F07-4288-8A21-006E12630600}"
EndProject
Project("{9A19103F-16F7-4668-BE54-9A1E7A4F7556}") = "Quick Sort", "Quick Sort\Quick Sort.csproj", "{3F96192B-D3F3-4DF2-AD99-A44F31AF8302}"
EndProject
Project("{9A19103F-16F7-4668-BE54-9A1E7A4F7556}") = "Deffered Execution Example", "Deffered Execution Example\Deffered Execution Example.csproj", "{74B2E735-46FC-4643-B123-29CFA974637B}"
EndProject
Project("{9A19103F-16F7-4668-BE54-9A1E7A4F7556}") = "Oops", "Oops\Oops.csproj", "{0E355A81-40ED-4D63-BB5F-2C1992443D78}"
EndProject
Project("{9A19103F-16F7-4668-BE54-9A1E7A4F7556}") = "FactoryMethodDesignPattern", "FactoryMethodDesignPattern\FactoryMethodDesignPattern.csproj", "{6493C324-95EC-4A40-B30B-485145E06D65}"
EndProject
Project("{9A19103F-16F7-4668-BE54-9A1E7A4F7556}") = "OverrideProperty", "OverrideProperty\OverrideProperty.csproj", "{47ED4EFE-B06B-4203-A141-C8D2D5CF227F}"
EndProject
Project("{9A19103F-16F7-4668-BE54-9A1E7A4F7556}") = "CollectionsExample", "CollectionsExample\CollectionsExample.csproj", "{2DC04D54-6769-43D3-9ADB-F6B125B8F7EB}"
EndProject
Project("{9A19103F-16F7-4668-BE54-9A1E7A4F7556}") = "Sliding Window Technique", "Sliding Window Technique\Sliding Window Technique.csproj", "{FAE15266-22D0-4E0B-8850-FB8C8FD01A5B}"
EndProject
Project("{9A19103F-16F7-4668-BE54-9A1E7A4F7556}") = "Event Example", "Event Example\Event Example.csproj", "{DD34943D-83CC-43D7-A680-BCB9D871D184}"
EndProject
Project("{9A19103F-16F7-4668-BE54-9A1E7A4F7556}") = "TestSample", "TestSample\TestSample.csproj", "{1AB7F76E-05B9-4064-A62E-71992C8D2F9A}"
EndProject
Project("{9A19103F-16F7-4668-BE54-9A1E7A4F7556}") = "ThreadExample", "ThreadExample\ThreadExample.csproj", "{BEB46002-DD1B-4EEA-9745-395EE6DFC502}"
EndProject
Project("{FAE04EC0-301F-11D3-BF4B-00C04F79EFBC}") = "OOP Example", "OOP Example\OOP Example.csproj", "{F57F3F94-98D5-4CA8-8623-27600B19C1D9}"
EndProject
Project("{FAE04EC0-301F-11D3-BF4B-00C04F79EFBC}") = "ConsoleApp1", "ConsoleApp1\ConsoleApp1.csproj", "{45FD43A2-DCC2-4B66-877B-5AA6C85637A7}"
EndProject
Global
	GlobalSection(SolutionConfigurationPlatforms) = preSolution
		Debug|Any CPU = Debug|Any CPU
		Release|Any CPU = Release|Any CPU
	EndGlobalSection
	GlobalSection(ProjectConfigurationPlatforms) = postSolution
		{61B7D9B9-02B9-45C3-8EBD-80A9F7BCD38B}.Debug|Any CPU.ActiveCfg = Debug|Any CPU
		{61B7D9B9-02B9-45C3-8EBD-80A9F7BCD38B}.Debug|Any CPU.Build.0 = Debug|Any CPU
		{61B7D9B9-02B9-45C3-8EBD-80A9F7BCD38B}.Release|Any CPU.ActiveCfg = Release|Any CPU
		{61B7D9B9-02B9-45C3-8EBD-80A9F7BCD38B}.Release|Any CPU.Build.0 = Release|Any CPU
		{891AE447-2F35-49D6-A77D-530E0395D531}.Debug|Any CPU.ActiveCfg = Debug|Any CPU
		{891AE447-2F35-49D6-A77D-530E0395D531}.Debug|Any CPU.Build.0 = Debug|Any CPU
		{891AE447-2F35-49D6-A77D-530E0395D531}.Release|Any CPU.ActiveCfg = Release|Any CPU
		{891AE447-2F35-49D6-A77D-530E0395D531}.Release|Any CPU.Build.0 = Release|Any CPU
		{47E2E986-7679-44A7-82B7-708B1C9FC1B5}.Debug|Any CPU.ActiveCfg = Debug|Any CPU
		{47E2E986-7679-44A7-82B7-708B1C9FC1B5}.Debug|Any CPU.Build.0 = Debug|Any CPU
		{47E2E986-7679-44A7-82B7-708B1C9FC1B5}.Release|Any CPU.ActiveCfg = Release|Any CPU
		{47E2E986-7679-44A7-82B7-708B1C9FC1B5}.Release|Any CPU.Build.0 = Release|Any CPU
		{E1ED271B-DF08-4416-B6FA-9AFB6A859018}.Debug|Any CPU.ActiveCfg = Debug|Any CPU
		{E1ED271B-DF08-4416-B6FA-9AFB6A859018}.Debug|Any CPU.Build.0 = Debug|Any CPU
		{E1ED271B-DF08-4416-B6FA-9AFB6A859018}.Release|Any CPU.ActiveCfg = Release|Any CPU
		{E1ED271B-DF08-4416-B6FA-9AFB6A859018}.Release|Any CPU.Build.0 = Release|Any CPU
		{A95D0458-5C41-4052-A776-42A544B05091}.Debug|Any CPU.ActiveCfg = Debug|Any CPU
		{A95D0458-5C41-4052-A776-42A544B05091}.Debug|Any CPU.Build.0 = Debug|Any CPU
		{A95D0458-5C41-4052-A776-42A544B05091}.Release|Any CPU.ActiveCfg = Release|Any CPU
		{A95D0458-5C41-4052-A776-42A544B05091}.Release|Any CPU.Build.0 = Release|Any CPU
		{9E1E77A7-A8F6-4219-BA67-5DA036BE3BDB}.Debug|Any CPU.ActiveCfg = Debug|Any CPU
		{9E1E77A7-A8F6-4219-BA67-5DA036BE3BDB}.Debug|Any CPU.Build.0 = Debug|Any CPU
		{9E1E77A7-A8F6-4219-BA67-5DA036BE3BDB}.Release|Any CPU.ActiveCfg = Release|Any CPU
		{9E1E77A7-A8F6-4219-BA67-5DA036BE3BDB}.Release|Any CPU.Build.0 = Release|Any CPU
		{FB979E2A-18A6-4516-999A-9517B19CEAB1}.Debug|Any CPU.ActiveCfg = Debug|Any CPU
		{FB979E2A-18A6-4516-999A-9517B19CEAB1}.Debug|Any CPU.Build.0 = Debug|Any CPU
		{FB979E2A-18A6-4516-999A-9517B19CEAB1}.Release|Any CPU.ActiveCfg = Release|Any CPU
		{FB979E2A-18A6-4516-999A-9517B19CEAB1}.Release|Any CPU.Build.0 = Release|Any CPU
		{72BB551D-DA35-4C77-B42A-E6EC7F71FB65}.Debug|Any CPU.ActiveCfg = Debug|Any CPU
		{72BB551D-DA35-4C77-B42A-E6EC7F71FB65}.Debug|Any CPU.Build.0 = Debug|Any CPU
		{72BB551D-DA35-4C77-B42A-E6EC7F71FB65}.Release|Any CPU.ActiveCfg = Release|Any CPU
		{72BB551D-DA35-4C77-B42A-E6EC7F71FB65}.Release|Any CPU.Build.0 = Release|Any CPU
		{E02D2A94-A7BF-4294-828E-333B51530109}.Debug|Any CPU.ActiveCfg = Debug|Any CPU
		{E02D2A94-A7BF-4294-828E-333B51530109}.Debug|Any CPU.Build.0 = Debug|Any CPU
		{E02D2A94-A7BF-4294-828E-333B51530109}.Release|Any CPU.ActiveCfg = Release|Any CPU
		{E02D2A94-A7BF-4294-828E-333B51530109}.Release|Any CPU.Build.0 = Release|Any CPU
		{B7118A96-817C-4FBB-91E2-3376A46ED0F5}.Debug|Any CPU.ActiveCfg = Debug|Any CPU
		{B7118A96-817C-4FBB-91E2-3376A46ED0F5}.Debug|Any CPU.Build.0 = Debug|Any CPU
		{B7118A96-817C-4FBB-91E2-3376A46ED0F5}.Release|Any CPU.ActiveCfg = Release|Any CPU
		{B7118A96-817C-4FBB-91E2-3376A46ED0F5}.Release|Any CPU.Build.0 = Release|Any CPU
		{5B64A0C0-FCBA-49C8-9C2C-A6F97517FE3C}.Debug|Any CPU.ActiveCfg = Debug|Any CPU
		{5B64A0C0-FCBA-49C8-9C2C-A6F97517FE3C}.Debug|Any CPU.Build.0 = Debug|Any CPU
		{5B64A0C0-FCBA-49C8-9C2C-A6F97517FE3C}.Release|Any CPU.ActiveCfg = Release|Any CPU
		{5B64A0C0-FCBA-49C8-9C2C-A6F97517FE3C}.Release|Any CPU.Build.0 = Release|Any CPU
		{4EDFC5B0-0C44-48A6-9B6A-3D55362F70E8}.Debug|Any CPU.ActiveCfg = Debug|Any CPU
		{4EDFC5B0-0C44-48A6-9B6A-3D55362F70E8}.Debug|Any CPU.Build.0 = Debug|Any CPU
		{4EDFC5B0-0C44-48A6-9B6A-3D55362F70E8}.Release|Any CPU.ActiveCfg = Release|Any CPU
		{4EDFC5B0-0C44-48A6-9B6A-3D55362F70E8}.Release|Any CPU.Build.0 = Release|Any CPU
		{E97AB4D3-EAC5-43C1-8AF6-18D98614C0B5}.Debug|Any CPU.ActiveCfg = Debug|Any CPU
		{E97AB4D3-EAC5-43C1-8AF6-18D98614C0B5}.Debug|Any CPU.Build.0 = Debug|Any CPU
		{E97AB4D3-EAC5-43C1-8AF6-18D98614C0B5}.Release|Any CPU.ActiveCfg = Release|Any CPU
		{E97AB4D3-EAC5-43C1-8AF6-18D98614C0B5}.Release|Any CPU.Build.0 = Release|Any CPU
		{6FF26C88-BA8D-4C67-80CC-8D60E64FB7FE}.Debug|Any CPU.ActiveCfg = Debug|Any CPU
		{6FF26C88-BA8D-4C67-80CC-8D60E64FB7FE}.Debug|Any CPU.Build.0 = Debug|Any CPU
		{6FF26C88-BA8D-4C67-80CC-8D60E64FB7FE}.Release|Any CPU.ActiveCfg = Release|Any CPU
		{6FF26C88-BA8D-4C67-80CC-8D60E64FB7FE}.Release|Any CPU.Build.0 = Release|Any CPU
		{1EE97FFE-0010-4CD0-A5A5-8C603EE13EAE}.Debug|Any CPU.ActiveCfg = Debug|Any CPU
		{1EE97FFE-0010-4CD0-A5A5-8C603EE13EAE}.Debug|Any CPU.Build.0 = Debug|Any CPU
		{1EE97FFE-0010-4CD0-A5A5-8C603EE13EAE}.Release|Any CPU.ActiveCfg = Release|Any CPU
		{1EE97FFE-0010-4CD0-A5A5-8C603EE13EAE}.Release|Any CPU.Build.0 = Release|Any CPU
		{AE9AF8BD-517D-47AA-B37A-67F45114E1F6}.Debug|Any CPU.ActiveCfg = Debug|Any CPU
		{AE9AF8BD-517D-47AA-B37A-67F45114E1F6}.Debug|Any CPU.Build.0 = Debug|Any CPU
		{AE9AF8BD-517D-47AA-B37A-67F45114E1F6}.Release|Any CPU.ActiveCfg = Release|Any CPU
		{AE9AF8BD-517D-47AA-B37A-67F45114E1F6}.Release|Any CPU.Build.0 = Release|Any CPU
		{F90B947F-36DA-47ED-839E-E2D7192A6536}.Debug|Any CPU.ActiveCfg = Debug|Any CPU
		{F90B947F-36DA-47ED-839E-E2D7192A6536}.Debug|Any CPU.Build.0 = Debug|Any CPU
		{F90B947F-36DA-47ED-839E-E2D7192A6536}.Release|Any CPU.ActiveCfg = Release|Any CPU
		{F90B947F-36DA-47ED-839E-E2D7192A6536}.Release|Any CPU.Build.0 = Release|Any CPU
		{D4B45764-8BB2-4D90-9934-4E76EDABB960}.Debug|Any CPU.ActiveCfg = Debug|Any CPU
		{D4B45764-8BB2-4D90-9934-4E76EDABB960}.Debug|Any CPU.Build.0 = Debug|Any CPU
		{D4B45764-8BB2-4D90-9934-4E76EDABB960}.Release|Any CPU.ActiveCfg = Release|Any CPU
		{D4B45764-8BB2-4D90-9934-4E76EDABB960}.Release|Any CPU.Build.0 = Release|Any CPU
		{6C4953BB-4502-4613-951B-78687FFF44BA}.Debug|Any CPU.ActiveCfg = Debug|Any CPU
		{6C4953BB-4502-4613-951B-78687FFF44BA}.Debug|Any CPU.Build.0 = Debug|Any CPU
		{6C4953BB-4502-4613-951B-78687FFF44BA}.Release|Any CPU.ActiveCfg = Release|Any CPU
		{6C4953BB-4502-4613-951B-78687FFF44BA}.Release|Any CPU.Build.0 = Release|Any CPU
		{9F0B505D-97A3-4607-8150-C9BD29D8486A}.Debug|Any CPU.ActiveCfg = Debug|Any CPU
		{9F0B505D-97A3-4607-8150-C9BD29D8486A}.Debug|Any CPU.Build.0 = Debug|Any CPU
		{9F0B505D-97A3-4607-8150-C9BD29D8486A}.Release|Any CPU.ActiveCfg = Release|Any CPU
		{9F0B505D-97A3-4607-8150-C9BD29D8486A}.Release|Any CPU.Build.0 = Release|Any CPU
		{54982CE8-03F7-4AF9-AEA3-BEDB0404BEA5}.Debug|Any CPU.ActiveCfg = Debug|Any CPU
		{54982CE8-03F7-4AF9-AEA3-BEDB0404BEA5}.Debug|Any CPU.Build.0 = Debug|Any CPU
		{54982CE8-03F7-4AF9-AEA3-BEDB0404BEA5}.Release|Any CPU.ActiveCfg = Release|Any CPU
		{54982CE8-03F7-4AF9-AEA3-BEDB0404BEA5}.Release|Any CPU.Build.0 = Release|Any CPU
		{5235D5D5-1414-4C7F-9F5F-275E6EFF571B}.Debug|Any CPU.ActiveCfg = Debug|Any CPU
		{5235D5D5-1414-4C7F-9F5F-275E6EFF571B}.Debug|Any CPU.Build.0 = Debug|Any CPU
		{5235D5D5-1414-4C7F-9F5F-275E6EFF571B}.Release|Any CPU.ActiveCfg = Release|Any CPU
		{5235D5D5-1414-4C7F-9F5F-275E6EFF571B}.Release|Any CPU.Build.0 = Release|Any CPU
		{FAB30BF9-5AC6-429E-A4BB-BE924C8E9C4B}.Debug|Any CPU.ActiveCfg = Debug|Any CPU
		{FAB30BF9-5AC6-429E-A4BB-BE924C8E9C4B}.Debug|Any CPU.Build.0 = Debug|Any CPU
		{FAB30BF9-5AC6-429E-A4BB-BE924C8E9C4B}.Release|Any CPU.ActiveCfg = Release|Any CPU
		{FAB30BF9-5AC6-429E-A4BB-BE924C8E9C4B}.Release|Any CPU.Build.0 = Release|Any CPU
		{63AE8807-1C14-4447-B25C-1CB49B5DD114}.Debug|Any CPU.ActiveCfg = Debug|Any CPU
		{63AE8807-1C14-4447-B25C-1CB49B5DD114}.Debug|Any CPU.Build.0 = Debug|Any CPU
		{63AE8807-1C14-4447-B25C-1CB49B5DD114}.Release|Any CPU.ActiveCfg = Release|Any CPU
		{63AE8807-1C14-4447-B25C-1CB49B5DD114}.Release|Any CPU.Build.0 = Release|Any CPU
		{DAB524FA-77CD-4A71-8784-DC0829624578}.Debug|Any CPU.ActiveCfg = Debug|Any CPU
		{DAB524FA-77CD-4A71-8784-DC0829624578}.Debug|Any CPU.Build.0 = Debug|Any CPU
		{DAB524FA-77CD-4A71-8784-DC0829624578}.Release|Any CPU.ActiveCfg = Release|Any CPU
		{DAB524FA-77CD-4A71-8784-DC0829624578}.Release|Any CPU.Build.0 = Release|Any CPU
		{CF4D4764-51BC-4064-9ADB-60DCC8FBC947}.Debug|Any CPU.ActiveCfg = Debug|Any CPU
		{CF4D4764-51BC-4064-9ADB-60DCC8FBC947}.Debug|Any CPU.Build.0 = Debug|Any CPU
		{CF4D4764-51BC-4064-9ADB-60DCC8FBC947}.Release|Any CPU.ActiveCfg = Release|Any CPU
		{CF4D4764-51BC-4064-9ADB-60DCC8FBC947}.Release|Any CPU.Build.0 = Release|Any CPU
		{C26F70B5-E3B2-4231-8CED-5B033C635858}.Debug|Any CPU.ActiveCfg = Debug|Any CPU
		{C26F70B5-E3B2-4231-8CED-5B033C635858}.Debug|Any CPU.Build.0 = Debug|Any CPU
		{C26F70B5-E3B2-4231-8CED-5B033C635858}.Release|Any CPU.ActiveCfg = Release|Any CPU
		{C26F70B5-E3B2-4231-8CED-5B033C635858}.Release|Any CPU.Build.0 = Release|Any CPU
		{45405CE5-94EB-4291-B543-FABBA76AD663}.Debug|Any CPU.ActiveCfg = Debug|Any CPU
		{45405CE5-94EB-4291-B543-FABBA76AD663}.Debug|Any CPU.Build.0 = Debug|Any CPU
		{45405CE5-94EB-4291-B543-FABBA76AD663}.Release|Any CPU.ActiveCfg = Release|Any CPU
		{45405CE5-94EB-4291-B543-FABBA76AD663}.Release|Any CPU.Build.0 = Release|Any CPU
		{D0DA71D6-4038-41FC-A34E-62037187ADFF}.Debug|Any CPU.ActiveCfg = Debug|Any CPU
		{D0DA71D6-4038-41FC-A34E-62037187ADFF}.Debug|Any CPU.Build.0 = Debug|Any CPU
		{D0DA71D6-4038-41FC-A34E-62037187ADFF}.Release|Any CPU.ActiveCfg = Release|Any CPU
		{D0DA71D6-4038-41FC-A34E-62037187ADFF}.Release|Any CPU.Build.0 = Release|Any CPU
		{0DAE86FA-0011-42D5-AC99-6751BC8A1818}.Debug|Any CPU.ActiveCfg = Debug|Any CPU
		{0DAE86FA-0011-42D5-AC99-6751BC8A1818}.Debug|Any CPU.Build.0 = Debug|Any CPU
		{0DAE86FA-0011-42D5-AC99-6751BC8A1818}.Release|Any CPU.ActiveCfg = Release|Any CPU
		{0DAE86FA-0011-42D5-AC99-6751BC8A1818}.Release|Any CPU.Build.0 = Release|Any CPU
		{022E8BFE-4AA1-47B7-90EB-BDAC72633B23}.Debug|Any CPU.ActiveCfg = Debug|Any CPU
		{022E8BFE-4AA1-47B7-90EB-BDAC72633B23}.Debug|Any CPU.Build.0 = Debug|Any CPU
		{022E8BFE-4AA1-47B7-90EB-BDAC72633B23}.Release|Any CPU.ActiveCfg = Release|Any CPU
		{022E8BFE-4AA1-47B7-90EB-BDAC72633B23}.Release|Any CPU.Build.0 = Release|Any CPU
		{AA434935-B63A-403E-BA48-35ACB08B6DC9}.Debug|Any CPU.ActiveCfg = Debug|Any CPU
		{AA434935-B63A-403E-BA48-35ACB08B6DC9}.Debug|Any CPU.Build.0 = Debug|Any CPU
		{AA434935-B63A-403E-BA48-35ACB08B6DC9}.Release|Any CPU.ActiveCfg = Release|Any CPU
		{AA434935-B63A-403E-BA48-35ACB08B6DC9}.Release|Any CPU.Build.0 = Release|Any CPU
		{F9EC92D7-BAE3-4890-AF3C-A0BC09778C87}.Debug|Any CPU.ActiveCfg = Debug|Any CPU
		{F9EC92D7-BAE3-4890-AF3C-A0BC09778C87}.Debug|Any CPU.Build.0 = Debug|Any CPU
		{F9EC92D7-BAE3-4890-AF3C-A0BC09778C87}.Release|Any CPU.ActiveCfg = Release|Any CPU
		{F9EC92D7-BAE3-4890-AF3C-A0BC09778C87}.Release|Any CPU.Build.0 = Release|Any CPU
		{47687AA7-66DB-40F1-B4BB-6B21190E1B6C}.Debug|Any CPU.ActiveCfg = Debug|Any CPU
		{47687AA7-66DB-40F1-B4BB-6B21190E1B6C}.Debug|Any CPU.Build.0 = Debug|Any CPU
		{47687AA7-66DB-40F1-B4BB-6B21190E1B6C}.Release|Any CPU.ActiveCfg = Release|Any CPU
		{47687AA7-66DB-40F1-B4BB-6B21190E1B6C}.Release|Any CPU.Build.0 = Release|Any CPU
		{0482A60C-E188-4831-AE4C-EECCDC5AF3B1}.Debug|Any CPU.ActiveCfg = Debug|Any CPU
		{0482A60C-E188-4831-AE4C-EECCDC5AF3B1}.Debug|Any CPU.Build.0 = Debug|Any CPU
		{0482A60C-E188-4831-AE4C-EECCDC5AF3B1}.Release|Any CPU.ActiveCfg = Release|Any CPU
		{0482A60C-E188-4831-AE4C-EECCDC5AF3B1}.Release|Any CPU.Build.0 = Release|Any CPU
		{56F40146-0BE8-4E6D-AD0E-178D0AC1F506}.Debug|Any CPU.ActiveCfg = Debug|Any CPU
		{56F40146-0BE8-4E6D-AD0E-178D0AC1F506}.Debug|Any CPU.Build.0 = Debug|Any CPU
		{56F40146-0BE8-4E6D-AD0E-178D0AC1F506}.Release|Any CPU.ActiveCfg = Release|Any CPU
		{56F40146-0BE8-4E6D-AD0E-178D0AC1F506}.Release|Any CPU.Build.0 = Release|Any CPU
		{3A3F42F1-2DD3-4483-A972-E482847568A9}.Debug|Any CPU.ActiveCfg = Debug|Any CPU
		{3A3F42F1-2DD3-4483-A972-E482847568A9}.Debug|Any CPU.Build.0 = Debug|Any CPU
		{3A3F42F1-2DD3-4483-A972-E482847568A9}.Release|Any CPU.ActiveCfg = Release|Any CPU
		{3A3F42F1-2DD3-4483-A972-E482847568A9}.Release|Any CPU.Build.0 = Release|Any CPU
		{47ED9919-582C-40CC-B37A-13D96DB30A02}.Debug|Any CPU.ActiveCfg = Debug|Any CPU
		{47ED9919-582C-40CC-B37A-13D96DB30A02}.Debug|Any CPU.Build.0 = Debug|Any CPU
		{47ED9919-582C-40CC-B37A-13D96DB30A02}.Release|Any CPU.ActiveCfg = Release|Any CPU
		{47ED9919-582C-40CC-B37A-13D96DB30A02}.Release|Any CPU.Build.0 = Release|Any CPU
		{D2566262-7A6A-41D3-BA68-96C7E8FF4F8C}.Debug|Any CPU.ActiveCfg = Debug|Any CPU
		{D2566262-7A6A-41D3-BA68-96C7E8FF4F8C}.Debug|Any CPU.Build.0 = Debug|Any CPU
		{D2566262-7A6A-41D3-BA68-96C7E8FF4F8C}.Release|Any CPU.ActiveCfg = Release|Any CPU
		{D2566262-7A6A-41D3-BA68-96C7E8FF4F8C}.Release|Any CPU.Build.0 = Release|Any CPU
		{C6777D7D-9C9B-4441-BED1-4607EED5A0CF}.Debug|Any CPU.ActiveCfg = Debug|Any CPU
		{C6777D7D-9C9B-4441-BED1-4607EED5A0CF}.Debug|Any CPU.Build.0 = Debug|Any CPU
		{C6777D7D-9C9B-4441-BED1-4607EED5A0CF}.Release|Any CPU.ActiveCfg = Release|Any CPU
		{C6777D7D-9C9B-4441-BED1-4607EED5A0CF}.Release|Any CPU.Build.0 = Release|Any CPU
		{14074ECA-30B6-4473-BAF5-274FC5F8EA57}.Debug|Any CPU.ActiveCfg = Debug|Any CPU
		{14074ECA-30B6-4473-BAF5-274FC5F8EA57}.Debug|Any CPU.Build.0 = Debug|Any CPU
		{14074ECA-30B6-4473-BAF5-274FC5F8EA57}.Release|Any CPU.ActiveCfg = Release|Any CPU
		{14074ECA-30B6-4473-BAF5-274FC5F8EA57}.Release|Any CPU.Build.0 = Release|Any CPU
		{B45C948D-2C35-45D4-AD71-DF68CC8550D1}.Debug|Any CPU.ActiveCfg = Debug|Any CPU
		{B45C948D-2C35-45D4-AD71-DF68CC8550D1}.Debug|Any CPU.Build.0 = Debug|Any CPU
		{B45C948D-2C35-45D4-AD71-DF68CC8550D1}.Release|Any CPU.ActiveCfg = Release|Any CPU
		{B45C948D-2C35-45D4-AD71-DF68CC8550D1}.Release|Any CPU.Build.0 = Release|Any CPU
		{264D335A-A886-4F65-B6B3-FEC104EA590B}.Debug|Any CPU.ActiveCfg = Debug|Any CPU
		{264D335A-A886-4F65-B6B3-FEC104EA590B}.Debug|Any CPU.Build.0 = Debug|Any CPU
		{264D335A-A886-4F65-B6B3-FEC104EA590B}.Release|Any CPU.ActiveCfg = Release|Any CPU
		{264D335A-A886-4F65-B6B3-FEC104EA590B}.Release|Any CPU.Build.0 = Release|Any CPU
		{5DF5F12E-CE59-468A-AB3A-FD6BB9456D79}.Debug|Any CPU.ActiveCfg = Debug|Any CPU
		{5DF5F12E-CE59-468A-AB3A-FD6BB9456D79}.Debug|Any CPU.Build.0 = Debug|Any CPU
		{5DF5F12E-CE59-468A-AB3A-FD6BB9456D79}.Release|Any CPU.ActiveCfg = Release|Any CPU
		{5DF5F12E-CE59-468A-AB3A-FD6BB9456D79}.Release|Any CPU.Build.0 = Release|Any CPU
		{277C19DE-2838-495E-B1F6-23FE43CCDC1C}.Debug|Any CPU.ActiveCfg = Debug|Any CPU
		{277C19DE-2838-495E-B1F6-23FE43CCDC1C}.Debug|Any CPU.Build.0 = Debug|Any CPU
		{277C19DE-2838-495E-B1F6-23FE43CCDC1C}.Release|Any CPU.ActiveCfg = Release|Any CPU
		{277C19DE-2838-495E-B1F6-23FE43CCDC1C}.Release|Any CPU.Build.0 = Release|Any CPU
		{1A1D3EB8-31D1-40A4-9C86-83A674942115}.Debug|Any CPU.ActiveCfg = Debug|Any CPU
		{1A1D3EB8-31D1-40A4-9C86-83A674942115}.Debug|Any CPU.Build.0 = Debug|Any CPU
		{1A1D3EB8-31D1-40A4-9C86-83A674942115}.Release|Any CPU.ActiveCfg = Release|Any CPU
		{1A1D3EB8-31D1-40A4-9C86-83A674942115}.Release|Any CPU.Build.0 = Release|Any CPU
		{9BDCB150-E177-4275-B172-C7AC04E4228B}.Debug|Any CPU.ActiveCfg = Debug|Any CPU
		{9BDCB150-E177-4275-B172-C7AC04E4228B}.Debug|Any CPU.Build.0 = Debug|Any CPU
		{9BDCB150-E177-4275-B172-C7AC04E4228B}.Release|Any CPU.ActiveCfg = Release|Any CPU
		{9BDCB150-E177-4275-B172-C7AC04E4228B}.Release|Any CPU.Build.0 = Release|Any CPU
		{00E3AC99-B600-4A41-8D2C-A5C9125DA1F7}.Debug|Any CPU.ActiveCfg = Debug|Any CPU
		{00E3AC99-B600-4A41-8D2C-A5C9125DA1F7}.Debug|Any CPU.Build.0 = Debug|Any CPU
		{00E3AC99-B600-4A41-8D2C-A5C9125DA1F7}.Release|Any CPU.ActiveCfg = Release|Any CPU
		{00E3AC99-B600-4A41-8D2C-A5C9125DA1F7}.Release|Any CPU.Build.0 = Release|Any CPU
		{0105D081-9B9B-474B-99C5-B32A580074FF}.Debug|Any CPU.ActiveCfg = Debug|Any CPU
		{0105D081-9B9B-474B-99C5-B32A580074FF}.Debug|Any CPU.Build.0 = Debug|Any CPU
		{0105D081-9B9B-474B-99C5-B32A580074FF}.Release|Any CPU.ActiveCfg = Release|Any CPU
		{0105D081-9B9B-474B-99C5-B32A580074FF}.Release|Any CPU.Build.0 = Release|Any CPU
		{E827EECA-3965-4A60-AA9E-7D5D5E28ECB4}.Debug|Any CPU.ActiveCfg = Debug|Any CPU
		{E827EECA-3965-4A60-AA9E-7D5D5E28ECB4}.Debug|Any CPU.Build.0 = Debug|Any CPU
		{E827EECA-3965-4A60-AA9E-7D5D5E28ECB4}.Release|Any CPU.ActiveCfg = Release|Any CPU
		{E827EECA-3965-4A60-AA9E-7D5D5E28ECB4}.Release|Any CPU.Build.0 = Release|Any CPU
		{705DC7F7-0F71-4312-ACC4-5C77E011468B}.Debug|Any CPU.ActiveCfg = Debug|Any CPU
		{705DC7F7-0F71-4312-ACC4-5C77E011468B}.Debug|Any CPU.Build.0 = Debug|Any CPU
		{705DC7F7-0F71-4312-ACC4-5C77E011468B}.Release|Any CPU.ActiveCfg = Release|Any CPU
		{705DC7F7-0F71-4312-ACC4-5C77E011468B}.Release|Any CPU.Build.0 = Release|Any CPU
		{9CAD0578-CF2A-4A44-882D-7FE9649536FF}.Debug|Any CPU.ActiveCfg = Debug|Any CPU
		{9CAD0578-CF2A-4A44-882D-7FE9649536FF}.Debug|Any CPU.Build.0 = Debug|Any CPU
		{9CAD0578-CF2A-4A44-882D-7FE9649536FF}.Release|Any CPU.ActiveCfg = Release|Any CPU
		{9CAD0578-CF2A-4A44-882D-7FE9649536FF}.Release|Any CPU.Build.0 = Release|Any CPU
		{B1FF1F0A-6FC8-4511-8665-A5399AE97319}.Debug|Any CPU.ActiveCfg = Debug|Any CPU
		{B1FF1F0A-6FC8-4511-8665-A5399AE97319}.Debug|Any CPU.Build.0 = Debug|Any CPU
		{B1FF1F0A-6FC8-4511-8665-A5399AE97319}.Release|Any CPU.ActiveCfg = Release|Any CPU
		{B1FF1F0A-6FC8-4511-8665-A5399AE97319}.Release|Any CPU.Build.0 = Release|Any CPU
		{3960F104-9D66-4133-9152-B43653573DF5}.Debug|Any CPU.ActiveCfg = Debug|Any CPU
		{3960F104-9D66-4133-9152-B43653573DF5}.Debug|Any CPU.Build.0 = Debug|Any CPU
		{3960F104-9D66-4133-9152-B43653573DF5}.Release|Any CPU.ActiveCfg = Release|Any CPU
		{3960F104-9D66-4133-9152-B43653573DF5}.Release|Any CPU.Build.0 = Release|Any CPU
		{F889E7D6-8EB2-4808-8D29-D1DCE4C85274}.Debug|Any CPU.ActiveCfg = Debug|Any CPU
		{F889E7D6-8EB2-4808-8D29-D1DCE4C85274}.Debug|Any CPU.Build.0 = Debug|Any CPU
		{F889E7D6-8EB2-4808-8D29-D1DCE4C85274}.Release|Any CPU.ActiveCfg = Release|Any CPU
		{F889E7D6-8EB2-4808-8D29-D1DCE4C85274}.Release|Any CPU.Build.0 = Release|Any CPU
		{85B8B096-7144-4D77-9061-272185649311}.Debug|Any CPU.ActiveCfg = Debug|Any CPU
		{85B8B096-7144-4D77-9061-272185649311}.Debug|Any CPU.Build.0 = Debug|Any CPU
		{85B8B096-7144-4D77-9061-272185649311}.Release|Any CPU.ActiveCfg = Release|Any CPU
		{85B8B096-7144-4D77-9061-272185649311}.Release|Any CPU.Build.0 = Release|Any CPU
		{57476EB1-4781-41D5-854F-F473D5EA351E}.Debug|Any CPU.ActiveCfg = Debug|Any CPU
		{57476EB1-4781-41D5-854F-F473D5EA351E}.Debug|Any CPU.Build.0 = Debug|Any CPU
		{57476EB1-4781-41D5-854F-F473D5EA351E}.Release|Any CPU.ActiveCfg = Release|Any CPU
		{57476EB1-4781-41D5-854F-F473D5EA351E}.Release|Any CPU.Build.0 = Release|Any CPU
		{62E039A9-52A0-4F8C-A151-AC41DD3A6612}.Debug|Any CPU.ActiveCfg = Debug|Any CPU
		{62E039A9-52A0-4F8C-A151-AC41DD3A6612}.Debug|Any CPU.Build.0 = Debug|Any CPU
		{62E039A9-52A0-4F8C-A151-AC41DD3A6612}.Release|Any CPU.ActiveCfg = Release|Any CPU
		{62E039A9-52A0-4F8C-A151-AC41DD3A6612}.Release|Any CPU.Build.0 = Release|Any CPU
		{74B7A781-4AFA-4488-A64F-5D73E93BC5ED}.Debug|Any CPU.ActiveCfg = Debug|Any CPU
		{74B7A781-4AFA-4488-A64F-5D73E93BC5ED}.Debug|Any CPU.Build.0 = Debug|Any CPU
		{74B7A781-4AFA-4488-A64F-5D73E93BC5ED}.Release|Any CPU.ActiveCfg = Release|Any CPU
		{74B7A781-4AFA-4488-A64F-5D73E93BC5ED}.Release|Any CPU.Build.0 = Release|Any CPU
		{AC4B233E-D15B-4529-A1DC-3D3CED7EB216}.Debug|Any CPU.ActiveCfg = Debug|Any CPU
		{AC4B233E-D15B-4529-A1DC-3D3CED7EB216}.Debug|Any CPU.Build.0 = Debug|Any CPU
		{AC4B233E-D15B-4529-A1DC-3D3CED7EB216}.Release|Any CPU.ActiveCfg = Release|Any CPU
		{AC4B233E-D15B-4529-A1DC-3D3CED7EB216}.Release|Any CPU.Build.0 = Release|Any CPU
		{04A60C30-3E41-42EE-8785-163F3F296DBC}.Debug|Any CPU.ActiveCfg = Debug|Any CPU
		{04A60C30-3E41-42EE-8785-163F3F296DBC}.Debug|Any CPU.Build.0 = Debug|Any CPU
		{04A60C30-3E41-42EE-8785-163F3F296DBC}.Release|Any CPU.ActiveCfg = Release|Any CPU
		{04A60C30-3E41-42EE-8785-163F3F296DBC}.Release|Any CPU.Build.0 = Release|Any CPU
		{92F86887-F1F7-4A51-A3F8-C4CFB9434B97}.Debug|Any CPU.ActiveCfg = Debug|Any CPU
		{92F86887-F1F7-4A51-A3F8-C4CFB9434B97}.Debug|Any CPU.Build.0 = Debug|Any CPU
		{92F86887-F1F7-4A51-A3F8-C4CFB9434B97}.Release|Any CPU.ActiveCfg = Release|Any CPU
		{92F86887-F1F7-4A51-A3F8-C4CFB9434B97}.Release|Any CPU.Build.0 = Release|Any CPU
		{1DDD271E-0A36-48DB-9495-02CD714C4DEE}.Debug|Any CPU.ActiveCfg = Debug|Any CPU
		{1DDD271E-0A36-48DB-9495-02CD714C4DEE}.Debug|Any CPU.Build.0 = Debug|Any CPU
		{1DDD271E-0A36-48DB-9495-02CD714C4DEE}.Release|Any CPU.ActiveCfg = Release|Any CPU
		{1DDD271E-0A36-48DB-9495-02CD714C4DEE}.Release|Any CPU.Build.0 = Release|Any CPU
		{2166BA0B-47C3-4707-9A16-765FD0C9C9EE}.Debug|Any CPU.ActiveCfg = Debug|Any CPU
		{2166BA0B-47C3-4707-9A16-765FD0C9C9EE}.Debug|Any CPU.Build.0 = Debug|Any CPU
		{2166BA0B-47C3-4707-9A16-765FD0C9C9EE}.Release|Any CPU.ActiveCfg = Release|Any CPU
		{2166BA0B-47C3-4707-9A16-765FD0C9C9EE}.Release|Any CPU.Build.0 = Release|Any CPU
		{75F3FB0C-D549-441A-9BA9-B23DEFF0DC70}.Debug|Any CPU.ActiveCfg = Debug|Any CPU
		{75F3FB0C-D549-441A-9BA9-B23DEFF0DC70}.Debug|Any CPU.Build.0 = Debug|Any CPU
		{75F3FB0C-D549-441A-9BA9-B23DEFF0DC70}.Release|Any CPU.ActiveCfg = Release|Any CPU
		{75F3FB0C-D549-441A-9BA9-B23DEFF0DC70}.Release|Any CPU.Build.0 = Release|Any CPU
		{203F0364-CF82-4163-9125-F2255351E090}.Debug|Any CPU.ActiveCfg = Debug|Any CPU
		{203F0364-CF82-4163-9125-F2255351E090}.Debug|Any CPU.Build.0 = Debug|Any CPU
		{203F0364-CF82-4163-9125-F2255351E090}.Release|Any CPU.ActiveCfg = Release|Any CPU
		{203F0364-CF82-4163-9125-F2255351E090}.Release|Any CPU.Build.0 = Release|Any CPU
		{0AE9DC20-2E77-4A8F-9C30-C5288BE83365}.Debug|Any CPU.ActiveCfg = Debug|Any CPU
		{0AE9DC20-2E77-4A8F-9C30-C5288BE83365}.Debug|Any CPU.Build.0 = Debug|Any CPU
		{0AE9DC20-2E77-4A8F-9C30-C5288BE83365}.Release|Any CPU.ActiveCfg = Release|Any CPU
		{0AE9DC20-2E77-4A8F-9C30-C5288BE83365}.Release|Any CPU.Build.0 = Release|Any CPU
		{FA2F8F7B-55AF-4C2E-8AF7-834846AA1306}.Debug|Any CPU.ActiveCfg = Debug|Any CPU
		{FA2F8F7B-55AF-4C2E-8AF7-834846AA1306}.Debug|Any CPU.Build.0 = Debug|Any CPU
		{FA2F8F7B-55AF-4C2E-8AF7-834846AA1306}.Release|Any CPU.ActiveCfg = Release|Any CPU
		{FA2F8F7B-55AF-4C2E-8AF7-834846AA1306}.Release|Any CPU.Build.0 = Release|Any CPU
		{7E2D9D6E-76CF-4BAE-A0BA-CA729219E9C1}.Debug|Any CPU.ActiveCfg = Debug|Any CPU
		{7E2D9D6E-76CF-4BAE-A0BA-CA729219E9C1}.Debug|Any CPU.Build.0 = Debug|Any CPU
		{7E2D9D6E-76CF-4BAE-A0BA-CA729219E9C1}.Release|Any CPU.ActiveCfg = Release|Any CPU
		{7E2D9D6E-76CF-4BAE-A0BA-CA729219E9C1}.Release|Any CPU.Build.0 = Release|Any CPU
		{354F3A38-35FC-4F3B-97D2-3562250F1109}.Debug|Any CPU.ActiveCfg = Debug|Any CPU
		{354F3A38-35FC-4F3B-97D2-3562250F1109}.Debug|Any CPU.Build.0 = Debug|Any CPU
		{354F3A38-35FC-4F3B-97D2-3562250F1109}.Release|Any CPU.ActiveCfg = Release|Any CPU
		{354F3A38-35FC-4F3B-97D2-3562250F1109}.Release|Any CPU.Build.0 = Release|Any CPU
		{D82CD6C3-B638-4906-87D3-424A6BBDCF2B}.Debug|Any CPU.ActiveCfg = Debug|Any CPU
		{D82CD6C3-B638-4906-87D3-424A6BBDCF2B}.Debug|Any CPU.Build.0 = Debug|Any CPU
		{D82CD6C3-B638-4906-87D3-424A6BBDCF2B}.Release|Any CPU.ActiveCfg = Release|Any CPU
		{D82CD6C3-B638-4906-87D3-424A6BBDCF2B}.Release|Any CPU.Build.0 = Release|Any CPU
		{1D53078E-9E11-4540-82EE-7F24BF2A344F}.Debug|Any CPU.ActiveCfg = Debug|Any CPU
		{1D53078E-9E11-4540-82EE-7F24BF2A344F}.Debug|Any CPU.Build.0 = Debug|Any CPU
		{1D53078E-9E11-4540-82EE-7F24BF2A344F}.Release|Any CPU.ActiveCfg = Release|Any CPU
		{1D53078E-9E11-4540-82EE-7F24BF2A344F}.Release|Any CPU.Build.0 = Release|Any CPU
		{903348C9-AA11-4ABD-A242-C46766172EB7}.Debug|Any CPU.ActiveCfg = Debug|Any CPU
		{903348C9-AA11-4ABD-A242-C46766172EB7}.Debug|Any CPU.Build.0 = Debug|Any CPU
		{903348C9-AA11-4ABD-A242-C46766172EB7}.Release|Any CPU.ActiveCfg = Release|Any CPU
		{903348C9-AA11-4ABD-A242-C46766172EB7}.Release|Any CPU.Build.0 = Release|Any CPU
		{C860912A-F029-4787-98AD-5CA6BC003FCD}.Debug|Any CPU.ActiveCfg = Debug|Any CPU
		{C860912A-F029-4787-98AD-5CA6BC003FCD}.Debug|Any CPU.Build.0 = Debug|Any CPU
		{C860912A-F029-4787-98AD-5CA6BC003FCD}.Release|Any CPU.ActiveCfg = Release|Any CPU
		{C860912A-F029-4787-98AD-5CA6BC003FCD}.Release|Any CPU.Build.0 = Release|Any CPU
		{3A08C8D2-1538-4A78-A258-6447AFEFBBB7}.Debug|Any CPU.ActiveCfg = Debug|Any CPU
		{3A08C8D2-1538-4A78-A258-6447AFEFBBB7}.Debug|Any CPU.Build.0 = Debug|Any CPU
		{3A08C8D2-1538-4A78-A258-6447AFEFBBB7}.Release|Any CPU.ActiveCfg = Release|Any CPU
		{3A08C8D2-1538-4A78-A258-6447AFEFBBB7}.Release|Any CPU.Build.0 = Release|Any CPU
		{5AB0A36B-8F51-4419-AC21-8CD2B8A9F671}.Debug|Any CPU.ActiveCfg = Debug|Any CPU
		{5AB0A36B-8F51-4419-AC21-8CD2B8A9F671}.Debug|Any CPU.Build.0 = Debug|Any CPU
		{5AB0A36B-8F51-4419-AC21-8CD2B8A9F671}.Release|Any CPU.ActiveCfg = Release|Any CPU
		{5AB0A36B-8F51-4419-AC21-8CD2B8A9F671}.Release|Any CPU.Build.0 = Release|Any CPU
		{F502D071-4DDA-4BC4-8E86-CB701701BF26}.Debug|Any CPU.ActiveCfg = Debug|Any CPU
		{F502D071-4DDA-4BC4-8E86-CB701701BF26}.Debug|Any CPU.Build.0 = Debug|Any CPU
		{F502D071-4DDA-4BC4-8E86-CB701701BF26}.Release|Any CPU.ActiveCfg = Release|Any CPU
		{F502D071-4DDA-4BC4-8E86-CB701701BF26}.Release|Any CPU.Build.0 = Release|Any CPU
		{C5C2467F-F8EA-44B1-84E5-957595ADDC89}.Debug|Any CPU.ActiveCfg = Debug|Any CPU
		{C5C2467F-F8EA-44B1-84E5-957595ADDC89}.Debug|Any CPU.Build.0 = Debug|Any CPU
		{C5C2467F-F8EA-44B1-84E5-957595ADDC89}.Release|Any CPU.ActiveCfg = Release|Any CPU
		{C5C2467F-F8EA-44B1-84E5-957595ADDC89}.Release|Any CPU.Build.0 = Release|Any CPU
		{B4AEFF6A-5363-479A-9C6A-BB0C293A83B8}.Debug|Any CPU.ActiveCfg = Debug|Any CPU
		{B4AEFF6A-5363-479A-9C6A-BB0C293A83B8}.Debug|Any CPU.Build.0 = Debug|Any CPU
		{B4AEFF6A-5363-479A-9C6A-BB0C293A83B8}.Release|Any CPU.ActiveCfg = Release|Any CPU
		{B4AEFF6A-5363-479A-9C6A-BB0C293A83B8}.Release|Any CPU.Build.0 = Release|Any CPU
		{098169B5-8F07-4288-8A21-006E12630600}.Debug|Any CPU.ActiveCfg = Debug|Any CPU
		{098169B5-8F07-4288-8A21-006E12630600}.Debug|Any CPU.Build.0 = Debug|Any CPU
		{098169B5-8F07-4288-8A21-006E12630600}.Release|Any CPU.ActiveCfg = Release|Any CPU
		{098169B5-8F07-4288-8A21-006E12630600}.Release|Any CPU.Build.0 = Release|Any CPU
		{3F96192B-D3F3-4DF2-AD99-A44F31AF8302}.Debug|Any CPU.ActiveCfg = Debug|Any CPU
		{3F96192B-D3F3-4DF2-AD99-A44F31AF8302}.Debug|Any CPU.Build.0 = Debug|Any CPU
		{3F96192B-D3F3-4DF2-AD99-A44F31AF8302}.Release|Any CPU.ActiveCfg = Release|Any CPU
		{3F96192B-D3F3-4DF2-AD99-A44F31AF8302}.Release|Any CPU.Build.0 = Release|Any CPU
		{74B2E735-46FC-4643-B123-29CFA974637B}.Debug|Any CPU.ActiveCfg = Debug|Any CPU
		{74B2E735-46FC-4643-B123-29CFA974637B}.Debug|Any CPU.Build.0 = Debug|Any CPU
		{74B2E735-46FC-4643-B123-29CFA974637B}.Release|Any CPU.ActiveCfg = Release|Any CPU
		{74B2E735-46FC-4643-B123-29CFA974637B}.Release|Any CPU.Build.0 = Release|Any CPU
		{0E355A81-40ED-4D63-BB5F-2C1992443D78}.Debug|Any CPU.ActiveCfg = Debug|Any CPU
		{0E355A81-40ED-4D63-BB5F-2C1992443D78}.Debug|Any CPU.Build.0 = Debug|Any CPU
		{0E355A81-40ED-4D63-BB5F-2C1992443D78}.Release|Any CPU.ActiveCfg = Release|Any CPU
		{0E355A81-40ED-4D63-BB5F-2C1992443D78}.Release|Any CPU.Build.0 = Release|Any CPU
		{6493C324-95EC-4A40-B30B-485145E06D65}.Debug|Any CPU.ActiveCfg = Debug|Any CPU
		{6493C324-95EC-4A40-B30B-485145E06D65}.Debug|Any CPU.Build.0 = Debug|Any CPU
		{6493C324-95EC-4A40-B30B-485145E06D65}.Release|Any CPU.ActiveCfg = Release|Any CPU
		{6493C324-95EC-4A40-B30B-485145E06D65}.Release|Any CPU.Build.0 = Release|Any CPU
		{47ED4EFE-B06B-4203-A141-C8D2D5CF227F}.Debug|Any CPU.ActiveCfg = Debug|Any CPU
		{47ED4EFE-B06B-4203-A141-C8D2D5CF227F}.Debug|Any CPU.Build.0 = Debug|Any CPU
		{47ED4EFE-B06B-4203-A141-C8D2D5CF227F}.Release|Any CPU.ActiveCfg = Release|Any CPU
		{47ED4EFE-B06B-4203-A141-C8D2D5CF227F}.Release|Any CPU.Build.0 = Release|Any CPU
		{2DC04D54-6769-43D3-9ADB-F6B125B8F7EB}.Debug|Any CPU.ActiveCfg = Debug|Any CPU
		{2DC04D54-6769-43D3-9ADB-F6B125B8F7EB}.Debug|Any CPU.Build.0 = Debug|Any CPU
		{2DC04D54-6769-43D3-9ADB-F6B125B8F7EB}.Release|Any CPU.ActiveCfg = Release|Any CPU
		{2DC04D54-6769-43D3-9ADB-F6B125B8F7EB}.Release|Any CPU.Build.0 = Release|Any CPU
		{FAE15266-22D0-4E0B-8850-FB8C8FD01A5B}.Debug|Any CPU.ActiveCfg = Debug|Any CPU
		{FAE15266-22D0-4E0B-8850-FB8C8FD01A5B}.Debug|Any CPU.Build.0 = Debug|Any CPU
		{FAE15266-22D0-4E0B-8850-FB8C8FD01A5B}.Release|Any CPU.ActiveCfg = Release|Any CPU
		{FAE15266-22D0-4E0B-8850-FB8C8FD01A5B}.Release|Any CPU.Build.0 = Release|Any CPU
		{DD34943D-83CC-43D7-A680-BCB9D871D184}.Debug|Any CPU.ActiveCfg = Debug|Any CPU
		{DD34943D-83CC-43D7-A680-BCB9D871D184}.Debug|Any CPU.Build.0 = Debug|Any CPU
		{DD34943D-83CC-43D7-A680-BCB9D871D184}.Release|Any CPU.ActiveCfg = Release|Any CPU
		{DD34943D-83CC-43D7-A680-BCB9D871D184}.Release|Any CPU.Build.0 = Release|Any CPU
		{1AB7F76E-05B9-4064-A62E-71992C8D2F9A}.Debug|Any CPU.ActiveCfg = Debug|Any CPU
		{1AB7F76E-05B9-4064-A62E-71992C8D2F9A}.Debug|Any CPU.Build.0 = Debug|Any CPU
		{1AB7F76E-05B9-4064-A62E-71992C8D2F9A}.Release|Any CPU.ActiveCfg = Release|Any CPU
		{1AB7F76E-05B9-4064-A62E-71992C8D2F9A}.Release|Any CPU.Build.0 = Release|Any CPU
		{BEB46002-DD1B-4EEA-9745-395EE6DFC502}.Debug|Any CPU.ActiveCfg = Debug|Any CPU
		{BEB46002-DD1B-4EEA-9745-395EE6DFC502}.Debug|Any CPU.Build.0 = Debug|Any CPU
		{BEB46002-DD1B-4EEA-9745-395EE6DFC502}.Release|Any CPU.ActiveCfg = Release|Any CPU
		{BEB46002-DD1B-4EEA-9745-395EE6DFC502}.Release|Any CPU.Build.0 = Release|Any CPU
		{F57F3F94-98D5-4CA8-8623-27600B19C1D9}.Debug|Any CPU.ActiveCfg = Debug|Any CPU
		{F57F3F94-98D5-4CA8-8623-27600B19C1D9}.Debug|Any CPU.Build.0 = Debug|Any CPU
		{F57F3F94-98D5-4CA8-8623-27600B19C1D9}.Release|Any CPU.ActiveCfg = Release|Any CPU
		{F57F3F94-98D5-4CA8-8623-27600B19C1D9}.Release|Any CPU.Build.0 = Release|Any CPU
		{45FD43A2-DCC2-4B66-877B-5AA6C85637A7}.Debug|Any CPU.ActiveCfg = Debug|Any CPU
		{45FD43A2-DCC2-4B66-877B-5AA6C85637A7}.Debug|Any CPU.Build.0 = Debug|Any CPU
		{45FD43A2-DCC2-4B66-877B-5AA6C85637A7}.Release|Any CPU.ActiveCfg = Release|Any CPU
		{45FD43A2-DCC2-4B66-877B-5AA6C85637A7}.Release|Any CPU.Build.0 = Release|Any CPU
	EndGlobalSection
	GlobalSection(SolutionProperties) = preSolution
		HideSolutionNode = FALSE
	EndGlobalSection
	GlobalSection(ExtensibilityGlobals) = postSolution
		SolutionGuid = {F2A9885B-5010-4C63-8D43-7AF513699487}
	EndGlobalSection
EndGlobal
